
Microsoft Visual Studio Solution File, Format Version 12.00
# Visual Studio Version 16
VisualStudioVersion = 16.0.30517.126
MinimumVisualStudioVersion = 10.0.40219.1
Project("{FAE04EC0-301F-11D3-BF4B-00C04F79EFBC}") = "ChallengeOne.Console_01_Cafe", "ChallengeOne.Console\ChallengeOne.Console_01_Cafe.csproj", "{906CD2CA-0EEF-4614-96E3-61F31F61779C}"
EndProject
Project("{FAE04EC0-301F-11D3-BF4B-00C04F79EFBC}") = "UnitTest.for.Challenge.One_01_Cafe", "UnitTest.for.Challenge.One\UnitTest.for.Challenge.One_01_Cafe.csproj", "{B66BAC37-CAB1-4A82-8BD1-DF0EFDBE900F}"
EndProject
Project("{FAE04EC0-301F-11D3-BF4B-00C04F79EFBC}") = "ChallengeOne.Program_01_Cafe", "ConsoleApp1\ChallengeOne.Program_01_Cafe.csproj", "{96D7E664-BDCB-4E10-B283-0F87C5ADB9A7}"
EndProject
Project("{2150E333-8FDC-42A3-9474-1A3956D46DE8}") = "03_Badges", "03_Badges", "{5B4A25E3-AB6A-427B-AC59-332E726335A5}"
EndProject
Project("{2150E333-8FDC-42A3-9474-1A3956D46DE8}") = "01_Cafe", "01_Cafe", "{E5F2E945-D991-4C8A-9C62-3EB88BD5E11F}"
EndProject
Project("{2150E333-8FDC-42A3-9474-1A3956D46DE8}") = "02_Claims", "02_Claims", "{5FADB939-BACA-405D-B470-E0F95058AB49}"
EndProject
Project("{FAE04EC0-301F-11D3-BF4B-00C04F79EFBC}") = "02_Claims", "02_Claims\02_Claims.csproj", "{703223F9-9252-4CBE-B994-E68ADBD4BC62}"
EndProject
Project("{FAE04EC0-301F-11D3-BF4B-00C04F79EFBC}") = "02_Claims_Program", "02_Claims_Program\02_Claims_Program.csproj", "{9473F9B0-2999-41CC-A9FA-E6F9FB368401}"
EndProject
Project("{FAE04EC0-301F-11D3-BF4B-00C04F79EFBC}") = "02_Claims_Test", "02_Claims_Test\02_Claims_Test.csproj", "{CA779744-8478-4EB8-81E6-97C6D7753096}"
EndProject
Project("{FAE04EC0-301F-11D3-BF4B-00C04F79EFBC}") = "03_Badges_Program", "03_Badges_Program\03_Badges_Program.csproj", "{B39E65A6-FF3E-41CC-B061-C7527DA102E9}"
EndProject
Project("{FAE04EC0-301F-11D3-BF4B-00C04F79EFBC}") = "03_Badges_Test", "03_Badges_Test\03_Badges_Test.csproj", "{0ED34C46-F751-4DF7-8908-01B8169E3F64}"
EndProject
Project("{FAE04EC0-301F-11D3-BF4B-00C04F79EFBC}") = "03_Badges", "03_Badges\03_Badges.csproj", "{F1FD6B2E-18B5-4BB8-997F-4362B7BC5661}"
EndProject
Global
	GlobalSection(SolutionConfigurationPlatforms) = preSolution
		Debug|Any CPU = Debug|Any CPU
		Release|Any CPU = Release|Any CPU
	EndGlobalSection
	GlobalSection(ProjectConfigurationPlatforms) = postSolution
		{906CD2CA-0EEF-4614-96E3-61F31F61779C}.Debug|Any CPU.ActiveCfg = Debug|Any CPU
		{906CD2CA-0EEF-4614-96E3-61F31F61779C}.Debug|Any CPU.Build.0 = Debug|Any CPU
		{906CD2CA-0EEF-4614-96E3-61F31F61779C}.Release|Any CPU.ActiveCfg = Release|Any CPU
		{906CD2CA-0EEF-4614-96E3-61F31F61779C}.Release|Any CPU.Build.0 = Release|Any CPU
		{B66BAC37-CAB1-4A82-8BD1-DF0EFDBE900F}.Debug|Any CPU.ActiveCfg = Debug|Any CPU
		{B66BAC37-CAB1-4A82-8BD1-DF0EFDBE900F}.Debug|Any CPU.Build.0 = Debug|Any CPU
		{B66BAC37-CAB1-4A82-8BD1-DF0EFDBE900F}.Release|Any CPU.ActiveCfg = Release|Any CPU
		{B66BAC37-CAB1-4A82-8BD1-DF0EFDBE900F}.Release|Any CPU.Build.0 = Release|Any CPU
		{96D7E664-BDCB-4E10-B283-0F87C5ADB9A7}.Debug|Any CPU.ActiveCfg = Debug|Any CPU
		{96D7E664-BDCB-4E10-B283-0F87C5ADB9A7}.Debug|Any CPU.Build.0 = Debug|Any CPU
		{96D7E664-BDCB-4E10-B283-0F87C5ADB9A7}.Release|Any CPU.ActiveCfg = Release|Any CPU
		{96D7E664-BDCB-4E10-B283-0F87C5ADB9A7}.Release|Any CPU.Build.0 = Release|Any CPU
		{703223F9-9252-4CBE-B994-E68ADBD4BC62}.Debug|Any CPU.ActiveCfg = Debug|Any CPU
		{703223F9-9252-4CBE-B994-E68ADBD4BC62}.Debug|Any CPU.Build.0 = Debug|Any CPU
		{703223F9-9252-4CBE-B994-E68ADBD4BC62}.Release|Any CPU.ActiveCfg = Release|Any CPU
		{703223F9-9252-4CBE-B994-E68ADBD4BC62}.Release|Any CPU.Build.0 = Release|Any CPU
		{9473F9B0-2999-41CC-A9FA-E6F9FB368401}.Debug|Any CPU.ActiveCfg = Debug|Any CPU
		{9473F9B0-2999-41CC-A9FA-E6F9FB368401}.Debug|Any CPU.Build.0 = Debug|Any CPU
		{9473F9B0-2999-41CC-A9FA-E6F9FB368401}.Release|Any CPU.ActiveCfg = Release|Any CPU
		{9473F9B0-2999-41CC-A9FA-E6F9FB368401}.Release|Any CPU.Build.0 = Release|Any CPU
		{CA779744-8478-4EB8-81E6-97C6D7753096}.Debug|Any CPU.ActiveCfg = Debug|Any CPU
		{CA779744-8478-4EB8-81E6-97C6D7753096}.Debug|Any CPU.Build.0 = Debug|Any CPU
		{CA779744-8478-4EB8-81E6-97C6D7753096}.Release|Any CPU.ActiveCfg = Release|Any CPU
		{CA779744-8478-4EB8-81E6-97C6D7753096}.Release|Any CPU.Build.0 = Release|Any CPU
		{B39E65A6-FF3E-41CC-B061-C7527DA102E9}.Debug|Any CPU.ActiveCfg = Debug|Any CPU
		{B39E65A6-FF3E-41CC-B061-C7527DA102E9}.Debug|Any CPU.Build.0 = Debug|Any CPU
		{B39E65A6-FF3E-41CC-B061-C7527DA102E9}.Release|Any CPU.ActiveCfg = Release|Any CPU
		{B39E65A6-FF3E-41CC-B061-C7527DA102E9}.Release|Any CPU.Build.0 = Release|Any CPU
		{0ED34C46-F751-4DF7-8908-01B8169E3F64}.Debug|Any CPU.ActiveCfg = Debug|Any CPU
		{0ED34C46-F751-4DF7-8908-01B8169E3F64}.Debug|Any CPU.Build.0 = Debug|Any CPU
		{0ED34C46-F751-4DF7-8908-01B8169E3F64}.Release|Any CPU.ActiveCfg = Release|Any CPU
		{0ED34C46-F751-4DF7-8908-01B8169E3F64}.Release|Any CPU.Build.0 = Release|Any CPU
		{F1FD6B2E-18B5-4BB8-997F-4362B7BC5661}.Debug|Any CPU.ActiveCfg = Debug|Any CPU
		{F1FD6B2E-18B5-4BB8-997F-4362B7BC5661}.Debug|Any CPU.Build.0 = Debug|Any CPU
		{F1FD6B2E-18B5-4BB8-997F-4362B7BC5661}.Release|Any CPU.ActiveCfg = Release|Any CPU
		{F1FD6B2E-18B5-4BB8-997F-4362B7BC5661}.Release|Any CPU.Build.0 = Release|Any CPU
	EndGlobalSection
	GlobalSection(SolutionProperties) = preSolution
		HideSolutionNode = FALSE
	EndGlobalSection
	GlobalSection(NestedProjects) = preSolution
		{906CD2CA-0EEF-4614-96E3-61F31F61779C} = {E5F2E945-D991-4C8A-9C62-3EB88BD5E11F}
		{B66BAC37-CAB1-4A82-8BD1-DF0EFDBE900F} = {E5F2E945-D991-4C8A-9C62-3EB88BD5E11F}
		{96D7E664-BDCB-4E10-B283-0F87C5ADB9A7} = {E5F2E945-D991-4C8A-9C62-3EB88BD5E11F}
		{703223F9-9252-4CBE-B994-E68ADBD4BC62} = {5FADB939-BACA-405D-B470-E0F95058AB49}
		{9473F9B0-2999-41CC-A9FA-E6F9FB368401} = {5FADB939-BACA-405D-B470-E0F95058AB49}
		{CA779744-8478-4EB8-81E6-97C6D7753096} = {5FADB939-BACA-405D-B470-E0F95058AB49}
		{B39E65A6-FF3E-41CC-B061-C7527DA102E9} = {5B4A25E3-AB6A-427B-AC59-332E726335A5}
		{0ED34C46-F751-4DF7-8908-01B8169E3F64} = {5B4A25E3-AB6A-427B-AC59-332E726335A5}
		{F1FD6B2E-18B5-4BB8-997F-4362B7BC5661} = {5B4A25E3-AB6A-427B-AC59-332E726335A5}
	EndGlobalSection
	GlobalSection(ExtensibilityGlobals) = postSolution
		SolutionGuid = {9C801B95-436B-499C-813B-E4CE31AE3E49}
	EndGlobalSection
EndGlobal
